// !$*UTF8*$!
{
	archiveVersion = 1;
	classes = {
	};
	objectVersion = 50;
	objects = {

/* Begin PBXBuildFile section */
		64F96BA42576EBF900B1DEAC /* MainController.swift in Sources */ = {isa = PBXBuildFile; fileRef = 64F96BA32576EBF900B1DEAC /* MainController.swift */; };
		64F96BAB2576FB8F00B1DEAC /* UIViewExtensions.swift in Sources */ = {isa = PBXBuildFile; fileRef = 64F96BAA2576FB8F00B1DEAC /* UIViewExtensions.swift */; };
		64F96BB02576FE3800B1DEAC /* NatureCard.swift in Sources */ = {isa = PBXBuildFile; fileRef = 64F96BAF2576FE3800B1DEAC /* NatureCard.swift */; };
		64F96BB42576FEE700B1DEAC /* Constants.swift in Sources */ = {isa = PBXBuildFile; fileRef = 64F96BB32576FEE700B1DEAC /* Constants.swift */; };
		64F96BB72576FFC600B1DEAC /* NatureCardCell.swift in Sources */ = {isa = PBXBuildFile; fileRef = 64F96BB62576FFC600B1DEAC /* NatureCardCell.swift */; };
		64F96BBA2577842300B1DEAC /* DetailsViewController.swift in Sources */ = {isa = PBXBuildFile; fileRef = 64F96BB92577842300B1DEAC /* DetailsViewController.swift */; };
		64FB5DC52576E8D40065052B /* AppDelegate.swift in Sources */ = {isa = PBXBuildFile; fileRef = 64FB5DC42576E8D40065052B /* AppDelegate.swift */; };
		64FB5DC72576E8D40065052B /* SceneDelegate.swift in Sources */ = {isa = PBXBuildFile; fileRef = 64FB5DC62576E8D40065052B /* SceneDelegate.swift */; };
		64FB5DC92576E8D40065052B /* ContentView.swift in Sources */ = {isa = PBXBuildFile; fileRef = 64FB5DC82576E8D40065052B /* ContentView.swift */; };
		64FB5DCB2576E8D60065052B /* Assets.xcassets in Resources */ = {isa = PBXBuildFile; fileRef = 64FB5DCA2576E8D60065052B /* Assets.xcassets */; };
		64FB5DCE2576E8D60065052B /* Preview Assets.xcassets in Resources */ = {isa = PBXBuildFile; fileRef = 64FB5DCD2576E8D60065052B /* Preview Assets.xcassets */; };
		64FB5DD12576E8D60065052B /* LaunchScreen.storyboard in Resources */ = {isa = PBXBuildFile; fileRef = 64FB5DCF2576E8D60065052B /* LaunchScreen.storyboard */; };
/* End PBXBuildFile section */

/* Begin PBXFileReference section */
		64F96BA32576EBF900B1DEAC /* MainController.swift */ = {isa = PBXFileReference; lastKnownFileType = sourcecode.swift; path = MainController.swift; sourceTree = "<group>"; };
		64F96BAA2576FB8F00B1DEAC /* UIViewExtensions.swift */ = {isa = PBXFileReference; lastKnownFileType = sourcecode.swift; path = UIViewExtensions.swift; sourceTree = "<group>"; };
		64F96BAF2576FE3800B1DEAC /* NatureCard.swift */ = {isa = PBXFileReference; lastKnownFileType = sourcecode.swift; path = NatureCard.swift; sourceTree = "<group>"; };
		64F96BB32576FEE700B1DEAC /* Constants.swift */ = {isa = PBXFileReference; lastKnownFileType = sourcecode.swift; path = Constants.swift; sourceTree = "<group>"; };
		64F96BB62576FFC600B1DEAC /* NatureCardCell.swift */ = {isa = PBXFileReference; lastKnownFileType = sourcecode.swift; path = NatureCardCell.swift; sourceTree = "<group>"; };
		64F96BB92577842300B1DEAC /* DetailsViewController.swift */ = {isa = PBXFileReference; lastKnownFileType = sourcecode.swift; path = DetailsViewController.swift; sourceTree = "<group>"; };
		64FB5DC12576E8D40065052B /* wonders-of-nature.app */ = {isa = PBXFileReference; explicitFileType = wrapper.application; includeInIndex = 0; path = "wonders-of-nature.app"; sourceTree = BUILT_PRODUCTS_DIR; };
		64FB5DC42576E8D40065052B /* AppDelegate.swift */ = {isa = PBXFileReference; lastKnownFileType = sourcecode.swift; path = AppDelegate.swift; sourceTree = "<group>"; };
		64FB5DC62576E8D40065052B /* SceneDelegate.swift */ = {isa = PBXFileReference; lastKnownFileType = sourcecode.swift; path = SceneDelegate.swift; sourceTree = "<group>"; };
		64FB5DC82576E8D40065052B /* ContentView.swift */ = {isa = PBXFileReference; lastKnownFileType = sourcecode.swift; path = ContentView.swift; sourceTree = "<group>"; };
		64FB5DCA2576E8D60065052B /* Assets.xcassets */ = {isa = PBXFileReference; lastKnownFileType = folder.assetcatalog; path = Assets.xcassets; sourceTree = "<group>"; };
		64FB5DCD2576E8D60065052B /* Preview Assets.xcassets */ = {isa = PBXFileReference; lastKnownFileType = folder.assetcatalog; path = "Preview Assets.xcassets"; sourceTree = "<group>"; };
		64FB5DD02576E8D60065052B /* Base */ = {isa = PBXFileReference; lastKnownFileType = file.storyboard; name = Base; path = Base.lproj/LaunchScreen.storyboard; sourceTree = "<group>"; };
		64FB5DD22576E8D60065052B /* Info.plist */ = {isa = PBXFileReference; lastKnownFileType = text.plist.xml; path = Info.plist; sourceTree = "<group>"; };
/* End PBXFileReference section */

/* Begin PBXFrameworksBuildPhase section */
		64FB5DBE2576E8D40065052B /* Frameworks */ = {
			isa = PBXFrameworksBuildPhase;
			buildActionMask = 2147483647;
			files = (
			);
			runOnlyForDeploymentPostprocessing = 0;
		};
/* End PBXFrameworksBuildPhase section */

/* Begin PBXGroup section */
		64F96BA92576FB6700B1DEAC /* Extensions */ = {
			isa = PBXGroup;
			children = (
				64F96BAA2576FB8F00B1DEAC /* UIViewExtensions.swift */,
			);
			path = Extensions;
			sourceTree = "<group>";
		};
		64F96BAE2576FE2200B1DEAC /* model */ = {
			isa = PBXGroup;
			children = (
				64F96BAF2576FE3800B1DEAC /* NatureCard.swift */,
			);
			path = model;
			sourceTree = "<group>";
		};
		64FB5DB82576E8D40065052B = {
			isa = PBXGroup;
			children = (
				64FB5DC32576E8D40065052B /* wonders-of-nature */,
				64FB5DC22576E8D40065052B /* Products */,
			);
			sourceTree = "<group>";
		};
		64FB5DC22576E8D40065052B /* Products */ = {
			isa = PBXGroup;
			children = (
				64FB5DC12576E8D40065052B /* wonders-of-nature.app */,
			);
			name = Products;
			sourceTree = "<group>";
		};
		64FB5DC32576E8D40065052B /* wonders-of-nature */ = {
			isa = PBXGroup;
			children = (
				64F96BAE2576FE2200B1DEAC /* model */,
				64F96BA92576FB6700B1DEAC /* Extensions */,
				64FB5DC42576E8D40065052B /* AppDelegate.swift */,
				64FB5DC62576E8D40065052B /* SceneDelegate.swift */,
				64F96BA32576EBF900B1DEAC /* MainController.swift */,
				64FB5DC82576E8D40065052B /* ContentView.swift */,
				64FB5DCA2576E8D60065052B /* Assets.xcassets */,
				64FB5DCF2576E8D60065052B /* LaunchScreen.storyboard */,
				64FB5DD22576E8D60065052B /* Info.plist */,
				64FB5DCC2576E8D60065052B /* Preview Content */,
				64F96BB32576FEE700B1DEAC /* Constants.swift */,
				64F96BB62576FFC600B1DEAC /* NatureCardCell.swift */,
				64F96BB92577842300B1DEAC /* DetailsViewController.swift */,
			);
			path = "wonders-of-nature";
			sourceTree = "<group>";
		};
		64FB5DCC2576E8D60065052B /* Preview Content */ = {
			isa = PBXGroup;
			children = (
				64FB5DCD2576E8D60065052B /* Preview Assets.xcassets */,
			);
			path = "Preview Content";
			sourceTree = "<group>";
		};
/* End PBXGroup section */

/* Begin PBXNativeTarget section */
		64FB5DC02576E8D40065052B /* wonders-of-nature */ = {
			isa = PBXNativeTarget;
			buildConfigurationList = 64FB5DD52576E8D60065052B /* Build configuration list for PBXNativeTarget "wonders-of-nature" */;
			buildPhases = (
				64FB5DBD2576E8D40065052B /* Sources */,
				64FB5DBE2576E8D40065052B /* Frameworks */,
				64FB5DBF2576E8D40065052B /* Resources */,
			);
			buildRules = (
			);
			dependencies = (
			);
			name = "wonders-of-nature";
			productName = "wonders-of-nature";
			productReference = 64FB5DC12576E8D40065052B /* wonders-of-nature.app */;
			productType = "com.apple.product-type.application";
		};
/* End PBXNativeTarget section */

/* Begin PBXProject section */
		64FB5DB92576E8D40065052B /* Project object */ = {
			isa = PBXProject;
			attributes = {
				LastSwiftUpdateCheck = 1220;
				LastUpgradeCheck = 1220;
				TargetAttributes = {
					64FB5DC02576E8D40065052B = {
						CreatedOnToolsVersion = 12.2;
					};
				};
			};
			buildConfigurationList = 64FB5DBC2576E8D40065052B /* Build configuration list for PBXProject "wonders-of-nature" */;
			compatibilityVersion = "Xcode 9.3";
			developmentRegion = en;
			hasScannedForEncodings = 0;
			knownRegions = (
				en,
				Base,
			);
			mainGroup = 64FB5DB82576E8D40065052B;
			productRefGroup = 64FB5DC22576E8D40065052B /* Products */;
			projectDirPath = "";
			projectRoot = "";
			targets = (
				64FB5DC02576E8D40065052B /* wonders-of-nature */,
			);
		};
/* End PBXProject section */

/* Begin PBXResourcesBuildPhase section */
		64FB5DBF2576E8D40065052B /* Resources */ = {
			isa = PBXResourcesBuildPhase;
			buildActionMask = 2147483647;
			files = (
				64FB5DD12576E8D60065052B /* LaunchScreen.storyboard in Resources */,
				64FB5DCE2576E8D60065052B /* Preview Assets.xcassets in Resources */,
				64FB5DCB2576E8D60065052B /* Assets.xcassets in Resources */,
			);
			runOnlyForDeploymentPostprocessing = 0;
		};
/* End PBXResourcesBuildPhase section */

/* Begin PBXSourcesBuildPhase section */
		64FB5DBD2576E8D40065052B /* Sources */ = {
			isa = PBXSourcesBuildPhase;
			buildActionMask = 2147483647;
			files = (
				64F96BB72576FFC600B1DEAC /* NatureCardCell.swift in Sources */,
				64F96BA42576EBF900B1DEAC /* MainController.swift in Sources */,
				64F96BBA2577842300B1DEAC /* DetailsViewController.swift in Sources */,
				64F96BAB2576FB8F00B1DEAC /* UIViewExtensions.swift in Sources */,
				64FB5DC52576E8D40065052B /* AppDelegate.swift in Sources */,
				64FB5DC72576E8D40065052B /* SceneDelegate.swift in Sources */,
				64F96BB42576FEE700B1DEAC /* Constants.swift in Sources */,
				64F96BB02576FE3800B1DEAC /* NatureCard.swift in Sources */,
				64FB5DC92576E8D40065052B /* ContentView.swift in Sources */,
			);
			runOnlyForDeploymentPostprocessing = 0;
		};
/* End PBXSourcesBuildPhase section */

/* Begin PBXVariantGroup section */
		64FB5DCF2576E8D60065052B /* LaunchScreen.storyboard */ = {
			isa = PBXVariantGroup;
			children = (
				64FB5DD02576E8D60065052B /* Base */,
			);
			name = LaunchScreen.storyboard;
			sourceTree = "<group>";
		};
/* End PBXVariantGroup section */

/* Begin XCBuildConfiguration section */
		64FB5DD32576E8D60065052B /* Debug */ = {
			isa = XCBuildConfiguration;
			buildSettings = {
				ALWAYS_SEARCH_USER_PATHS = NO;
				CLANG_ANALYZER_NONNULL = YES;
				CLANG_ANALYZER_NUMBER_OBJECT_CONVERSION = YES_AGGRESSIVE;
				CLANG_CXX_LANGUAGE_STANDARD = "gnu++14";
				CLANG_CXX_LIBRARY = "libc++";
				CLANG_ENABLE_MODULES = YES;
				CLANG_ENABLE_OBJC_ARC = YES;
				CLANG_ENABLE_OBJC_WEAK = YES;
				CLANG_WARN_BLOCK_CAPTURE_AUTORELEASING = YES;
				CLANG_WARN_BOOL_CONVERSION = YES;
				CLANG_WARN_COMMA = YES;
				CLANG_WARN_CONSTANT_CONVERSION = YES;
				CLANG_WARN_DEPRECATED_OBJC_IMPLEMENTATIONS = YES;
				CLANG_WARN_DIRECT_OBJC_ISA_USAGE = YES_ERROR;
				CLANG_WARN_DOCUMENTATION_COMMENTS = YES;
				CLANG_WARN_EMPTY_BODY = YES;
				CLANG_WARN_ENUM_CONVERSION = YES;
				CLANG_WARN_INFINITE_RECURSION = YES;
				CLANG_WARN_INT_CONVERSION = YES;
				CLANG_WARN_NON_LITERAL_NULL_CONVERSION = YES;
				CLANG_WARN_OBJC_IMPLICIT_RETAIN_SELF = YES;
				CLANG_WARN_OBJC_LITERAL_CONVERSION = YES;
				CLANG_WARN_OBJC_ROOT_CLASS = YES_ERROR;
				CLANG_WARN_QUOTED_INCLUDE_IN_FRAMEWORK_HEADER = YES;
				CLANG_WARN_RANGE_LOOP_ANALYSIS = YES;
				CLANG_WARN_STRICT_PROTOTYPES = YES;
				CLANG_WARN_SUSPICIOUS_MOVE = YES;
				CLANG_WARN_UNGUARDED_AVAILABILITY = YES_AGGRESSIVE;
				CLANG_WARN_UNREACHABLE_CODE = YES;
				CLANG_WARN__DUPLICATE_METHOD_MATCH = YES;
				COPY_PHASE_STRIP = NO;
				DEBUG_INFORMATION_FORMAT = dwarf;
				ENABLE_STRICT_OBJC_MSGSEND = YES;
				ENABLE_TESTABILITY = YES;
				GCC_C_LANGUAGE_STANDARD = gnu11;
				GCC_DYNAMIC_NO_PIC = NO;
				GCC_NO_COMMON_BLOCKS = YES;
				GCC_OPTIMIZATION_LEVEL = 0;
				GCC_PREPROCESSOR_DEFINITIONS = (
					"DEBUG=1",
					"$(inherited)",
				);
				GCC_WARN_64_TO_32_BIT_CONVERSION = YES;
				GCC_WARN_ABOUT_RETURN_TYPE = YES_ERROR;
				GCC_WARN_UNDECLARED_SELECTOR = YES;
				GCC_WARN_UNINITIALIZED_AUTOS = YES_AGGRESSIVE;
				GCC_WARN_UNUSED_FUNCTION = YES;
				GCC_WARN_UNUSED_VARIABLE = YES;
				IPHONEOS_DEPLOYMENT_TARGET = 14.2;
				MTL_ENABLE_DEBUG_INFO = INCLUDE_SOURCE;
				MTL_FAST_MATH = YES;
				ONLY_ACTIVE_ARCH = YES;
				SDKROOT = iphoneos;
				SWIFT_ACTIVE_COMPILATION_CONDITIONS = DEBUG;
				SWIFT_OPTIMIZATION_LEVEL = "-Onone";
			};
			name = Debug;
		};
		64FB5DD42576E8D60065052B /* Release */ = {
			isa = XCBuildConfiguration;
			buildSettings = {
				ALWAYS_SEARCH_USER_PATHS = NO;
				CLANG_ANALYZER_NONNULL = YES;
				CLANG_ANALYZER_NUMBER_OBJECT_CONVERSION = YES_AGGRESSIVE;
				CLANG_CXX_LANGUAGE_STANDARD = "gnu++14";
				CLANG_CXX_LIBRARY = "libc++";
				CLANG_ENABLE_MODULES = YES;
				CLANG_ENABLE_OBJC_ARC = YES;
				CLANG_ENABLE_OBJC_WEAK = YES;
				CLANG_WARN_BLOCK_CAPTURE_AUTORELEASING = YES;
				CLANG_WARN_BOOL_CONVERSION = YES;
				CLANG_WARN_COMMA = YES;
				CLANG_WARN_CONSTANT_CONVERSION = YES;
				CLANG_WARN_DEPRECATED_OBJC_IMPLEMENTATIONS = YES;
				CLANG_WARN_DIRECT_OBJC_ISA_USAGE = YES_ERROR;
				CLANG_WARN_DOCUMENTATION_COMMENTS = YES;
				CLANG_WARN_EMPTY_BODY = YES;
				CLANG_WARN_ENUM_CONVERSION = YES;
				CLANG_WARN_INFINITE_RECURSION = YES;
				CLANG_WARN_INT_CONVERSION = YES;
				CLANG_WARN_NON_LITERAL_NULL_CONVERSION = YES;
				CLANG_WARN_OBJC_IMPLICIT_RETAIN_SELF = YES;
				CLANG_WARN_OBJC_LITERAL_CONVERSION = YES;
				CLANG_WARN_OBJC_ROOT_CLASS = YES_ERROR;
				CLANG_WARN_QUOTED_INCLUDE_IN_FRAMEWORK_HEADER = YES;
				CLANG_WARN_RANGE_LOOP_ANALYSIS = YES;
				CLANG_WARN_STRICT_PROTOTYPES = YES;
				CLANG_WARN_SUSPICIOUS_MOVE = YES;
				CLANG_WARN_UNGUARDED_AVAILABILITY = YES_AGGRESSIVE;
				CLANG_WARN_UNREACHABLE_CODE = YES;
				CLANG_WARN__DUPLICATE_METHOD_MATCH = YES;
				COPY_PHASE_STRIP = NO;
				DEBUG_INFORMATION_FORMAT = "dwarf-with-dsym";
				ENABLE_NS_ASSERTIONS = NO;
				ENABLE_STRICT_OBJC_MSGSEND = YES;
				GCC_C_LANGUAGE_STANDARD = gnu11;
				GCC_NO_COMMON_BLOCKS = YES;
				GCC_WARN_64_TO_32_BIT_CONVERSION = YES;
				GCC_WARN_ABOUT_RETURN_TYPE = YES_ERROR;
				GCC_WARN_UNDECLARED_SELECTOR = YES;
				GCC_WARN_UNINITIALIZED_AUTOS = YES_AGGRESSIVE;
				GCC_WARN_UNUSED_FUNCTION = YES;
				GCC_WARN_UNUSED_VARIABLE = YES;
				IPHONEOS_DEPLOYMENT_TARGET = 14.2;
				MTL_ENABLE_DEBUG_INFO = NO;
				MTL_FAST_MATH = YES;
				SDKROOT = iphoneos;
				SWIFT_COMPILATION_MODE = wholemodule;
				SWIFT_OPTIMIZATION_LEVEL = "-O";
				VALIDATE_PRODUCT = YES;
			};
			name = Release;
		};
		64FB5DD62576E8D60065052B /* Debug */ = {
			isa = XCBuildConfiguration;
			buildSettings = {
				ASSETCATALOG_COMPILER_APPICON_NAME = AppIcon;
				ASSETCATALOG_COMPILER_GLOBAL_ACCENT_COLOR_NAME = AccentColor;
				CODE_SIGN_STYLE = Automatic;
				DEVELOPMENT_ASSET_PATHS = "\"wonders-of-nature/Preview Content\"";
				ENABLE_PREVIEWS = YES;
				INFOPLIST_FILE = "wonders-of-nature/Info.plist";
				LD_RUNPATH_SEARCH_PATHS = (
					"$(inherited)",
					"@executable_path/Frameworks",
				);
				PRODUCT_BUNDLE_IDENTIFIER = "tommilehtisaari.wonders-of-nature";
				PRODUCT_NAME = "$(TARGET_NAME)";
				SWIFT_VERSION = 5.0;
				TARGETED_DEVICE_FAMILY = "1,2";
			};
			name = Debug;
		};
		64FB5DD72576E8D60065052B /* Release */ = {
			isa = XCBuildConfiguration;
			buildSettings = {
				ASSETCATALOG_COMPILER_APPICON_NAME = AppIcon;
				ASSETCATALOG_COMPILER_GLOBAL_ACCENT_COLOR_NAME = AccentColor;
				CODE_SIGN_STYLE = Automatic;
				DEVELOPMENT_ASSET_PATHS = "\"wonders-of-nature/Preview Content\"";
				ENABLE_PREVIEWS = YES;
				INFOPLIST_FILE = "wonders-of-nature/Info.plist";
				LD_RUNPATH_SEARCH_PATHS = (
					"$(inherited)",
					"@executable_path/Frameworks",
				);
				PRODUCT_BUNDLE_IDENTIFIER = "tommilehtisaari.wonders-of-nature";
				PRODUCT_NAME = "$(TARGET_NAME)";
				SWIFT_VERSION = 5.0;
				TARGETED_DEVICE_FAMILY = "1,2";
			};
			name = Release;
		};
/* End XCBuildConfiguration section */

/* Begin XCConfigurationList section */
		64FB5DBC2576E8D40065052B /* Build configuration list for PBXProject "wonders-of-nature" */ = {
			isa = XCConfigurationList;
			buildConfigurations = (
				64FB5DD32576E8D60065052B /* Debug */,
				64FB5DD42576E8D60065052B /* Release */,
			);
			defaultConfigurationIsVisible = 0;
			defaultConfigurationName = Release;
		};
		64FB5DD52576E8D60065052B /* Build configuration list for PBXNativeTarget "wonders-of-nature" */ = {
			isa = XCConfigurationList;
			buildConfigurations = (
				64FB5DD62576E8D60065052B /* Debug */,
				64FB5DD72576E8D60065052B /* Release */,
			);
			defaultConfigurationIsVisible = 0;
			defaultConfigurationName = Release;
		};
/* End XCConfigurationList section */
	};
	rootObject = 64FB5DB92576E8D40065052B /* Project object */;
}
